
Microsoft Visual Studio Solution File, Format Version 12.00
# Visual Studio Version 17
VisualStudioVersion = 17.3.32825.248
MinimumVisualStudioVersion = 10.0.40219.1
Project("{FAE04EC0-301F-11D3-BF4B-00C04F79EFBC}") = "StarAnimation", "StarAnimation\StarAnimation.csproj", "{5D6F8C0F-2C47-47DB-BA94-891551A24BCC}"
EndProject
Global
	GlobalSection(SolutionConfigurationPlatforms) = preSolution
		Debug|Any CPU = Debug|Any CPU
		Release|Any CPU = Release|Any CPU
	EndGlobalSection
	GlobalSection(ProjectConfigurationPlatforms) = postSolution
		{5D6F8C0F-2C47-47DB-BA94-891551A24BCC}.Debug|Any CPU.ActiveCfg = Debug|Any CPU
		{5D6F8C0F-2C47-47DB-BA94-891551A24BCC}.Debug|Any CPU.Build.0 = Debug|Any CPU
		{5D6F8C0F-2C47-47DB-BA94-891551A24BCC}.Release|Any CPU.ActiveCfg = Release|Any CPU
		{5D6F8C0F-2C47-47DB-BA94-891551A24BCC}.Release|Any CPU.Build.0 = Release|Any CPU
	EndGlobalSection
	GlobalSection(SolutionProperties) = preSolution
		HideSolutionNode = FALSE
	EndGlobalSection
	GlobalSection(ExtensibilityGlobals) = postSolution
		SolutionGuid = {78BCC736-531B-4403-BA43-3A25AF1EA57A}
	EndGlobalSection
EndGlobal
